
Microsoft Visual Studio Solution File, Format Version 12.00
# Visual Studio Version 16
VisualStudioVersion = 16.0.31624.102
MinimumVisualStudioVersion = 10.0.40219.1
Project("{FAE04EC0-301F-11D3-BF4B-00C04F79EFBC}") = "Remove all checked list items", "Remove all checked list items\Remove all checked list items.csproj", "{DB125173-3373-42FA-B7D7-079FCA8CBF0B}"
EndProject
Global
	GlobalSection(SolutionConfigurationPlatforms) = preSolution
		Debug|Any CPU = Debug|Any CPU
		Release|Any CPU = Release|Any CPU
	EndGlobalSection
	GlobalSection(ProjectConfigurationPlatforms) = postSolution
		{DB125173-3373-42FA-B7D7-079FCA8CBF0B}.Debug|Any CPU.ActiveCfg = Debug|Any CPU
		{DB125173-3373-42FA-B7D7-079FCA8CBF0B}.Debug|Any CPU.Build.0 = Debug|Any CPU
		{DB125173-3373-42FA-B7D7-079FCA8CBF0B}.Release|Any CPU.ActiveCfg = Release|Any CPU
		{DB125173-3373-42FA-B7D7-079FCA8CBF0B}.Release|Any CPU.Build.0 = Release|Any CPU
	EndGlobalSection
	GlobalSection(SolutionProperties) = preSolution
		HideSolutionNode = FALSE
	EndGlobalSection
	GlobalSection(ExtensibilityGlobals) = postSolution
		SolutionGuid = {70BFA60D-62A2-4167-9E35-41835BE79AC7}
	EndGlobalSection
EndGlobal
